# This file is automatically @generated by Cargo.
# It is not intended for manual editing.
version = 4

[[package]]
name = "arithmetic-coding"
version = "0.1.0"
dependencies = [
 "biterator",
]

[[package]]
name = "biterator"
version = "0.3.0"
source = "registry+https://github.com/rust-lang/crates.io-index"
checksum = "252a8bcf6e042d3e340751e8344b4362de8fb2c09e43f7e05af31e522b34865d"
